
Microsoft Visual Studio Solution File, Format Version 12.00
# Visual Studio for Mac
Project("{FAE04EC0-301F-11D3-BF4B-00C04F79EFBC}") = "Assembly-CSharp", "Assembly-CSharp.csproj", "{CEB9FA33-A6A4-93FD-A4DB-442AAE770CD8}"
EndProject
Project("{FAE04EC0-301F-11D3-BF4B-00C04F79EFBC}") = "Assembly-CSharp-firstpass", "Assembly-CSharp-firstpass.csproj", "{CC14DE92-24E7-0462-800F-752343D666DC}"
EndProject
Project("{FAE04EC0-301F-11D3-BF4B-00C04F79EFBC}") = "Assembly-CSharp-Editor-firstpass", "Assembly-CSharp-Editor-firstpass.csproj", "{4E5FB5B9-B01E-E4BB-C8C7-FE61ACDBB571}"
EndProject
Project("{FAE04EC0-301F-11D3-BF4B-00C04F79EFBC}") = "Assembly-CSharp-Editor", "Assembly-CSharp-Editor.csproj", "{7B330326-0F3A-52A5-23AA-DB1A7278DA54}"
EndProject
Global
	GlobalSection(SolutionConfigurationPlatforms) = preSolution
		Debug|Any CPU = Debug|Any CPU
		Release|Any CPU = Release|Any CPU
	EndGlobalSection
	GlobalSection(ProjectConfigurationPlatforms) = postSolution
		{CEB9FA33-A6A4-93FD-A4DB-442AAE770CD8}.Debug|Any CPU.ActiveCfg = Debug|Any CPU
		{CEB9FA33-A6A4-93FD-A4DB-442AAE770CD8}.Debug|Any CPU.Build.0 = Debug|Any CPU
		{CEB9FA33-A6A4-93FD-A4DB-442AAE770CD8}.Release|Any CPU.ActiveCfg = Release|Any CPU
		{CEB9FA33-A6A4-93FD-A4DB-442AAE770CD8}.Release|Any CPU.Build.0 = Release|Any CPU
		{CC14DE92-24E7-0462-800F-752343D666DC}.Debug|Any CPU.ActiveCfg = Debug|Any CPU
		{CC14DE92-24E7-0462-800F-752343D666DC}.Debug|Any CPU.Build.0 = Debug|Any CPU
		{CC14DE92-24E7-0462-800F-752343D666DC}.Release|Any CPU.ActiveCfg = Release|Any CPU
		{CC14DE92-24E7-0462-800F-752343D666DC}.Release|Any CPU.Build.0 = Release|Any CPU
		{4E5FB5B9-B01E-E4BB-C8C7-FE61ACDBB571}.Debug|Any CPU.ActiveCfg = Debug|Any CPU
		{4E5FB5B9-B01E-E4BB-C8C7-FE61ACDBB571}.Debug|Any CPU.Build.0 = Debug|Any CPU
		{4E5FB5B9-B01E-E4BB-C8C7-FE61ACDBB571}.Release|Any CPU.ActiveCfg = Release|Any CPU
		{4E5FB5B9-B01E-E4BB-C8C7-FE61ACDBB571}.Release|Any CPU.Build.0 = Release|Any CPU
		{7B330326-0F3A-52A5-23AA-DB1A7278DA54}.Debug|Any CPU.ActiveCfg = Debug|Any CPU
		{7B330326-0F3A-52A5-23AA-DB1A7278DA54}.Debug|Any CPU.Build.0 = Debug|Any CPU
		{7B330326-0F3A-52A5-23AA-DB1A7278DA54}.Release|Any CPU.ActiveCfg = Release|Any CPU
		{7B330326-0F3A-52A5-23AA-DB1A7278DA54}.Release|Any CPU.Build.0 = Release|Any CPU
	EndGlobalSection
	GlobalSection(SolutionProperties) = preSolution
		HideSolutionNode = FALSE
	EndGlobalSection
EndGlobal
